
Microsoft Visual Studio Solution File, Format Version 12.00
# Visual Studio Version 16
VisualStudioVersion = 16.0.29806.167
MinimumVisualStudioVersion = 10.0.40219.1
Project("{9A19103F-16F7-4668-BE54-9A1E7A4F7556}") = "_17bang", "luckstack3\_17bang.csproj", "{4004D508-AEE4-4FC5-871B-077782D091C9}"
EndProject
Project("{9A19103F-16F7-4668-BE54-9A1E7A4F7556}") = "HomeWork", "SevenLearnCsharp\HomeWork.csproj", "{4FD5F1E5-27F2-4EAA-BADC-1AD9A93FE289}"
EndProject
Project("{9A19103F-16F7-4668-BE54-9A1E7A4F7556}") = "Entity", "Entity\Entity.csproj", "{A69CD2B7-DD70-4F44-878E-3F4800178A08}"
EndProject
Project("{9A19103F-16F7-4668-BE54-9A1E7A4F7556}") = "EntityTest", "EntityTest\EntityTest.csproj", "{B8C18B50-C35A-4EF2-A3DF-FC5A181DA706}"
EndProject
Project("{9A19103F-16F7-4668-BE54-9A1E7A4F7556}") = "ZeroOfStart", "ZeroOfStart\ZeroOfStart.csproj", "{90357C29-72B8-4B53-9277-1672562C8B04}"
EndProject
Project("{FAE04EC0-301F-11D3-BF4B-00C04F79EFBC}") = "Captcha", "Captcha\Captcha.csproj", "{CEBA0830-F956-49D5-B460-180613784DE4}"
EndProject
Project("{9A19103F-16F7-4668-BE54-9A1E7A4F7556}") = "HomeWork_Of_EFCore", "HomeWork_Of_EFCore\HomeWork_Of_EFCore.csproj", "{0F7C8B0E-E7DF-4538-A78F-A9BC34FB6338}"
EndProject
Project("{FAE04EC0-301F-11D3-BF4B-00C04F79EFBC}") = "HomeWork_Of_EF6", "ConsoleApp1\HomeWork_Of_EF6.csproj", "{130F9E76-A514-4B82-ABCF-337F3C6A8B3C}"
EndProject
Project("{2150E333-8FDC-42A3-9474-1A3956D46DE8}") = ".NetCoreAndPractice", ".NetCoreAndPractice", "{74AEFB30-A117-4827-9E15-BD8C45C4FA29}"
EndProject
Project("{2150E333-8FDC-42A3-9474-1A3956D46DE8}") = "_17BangUI", "_17BangUI", "{74E46335-089B-4F73-A3C5-0E1149F93F75}"
EndProject
Project("{2150E333-8FDC-42A3-9474-1A3956D46DE8}") = "_17BangBLL", "_17BangBLL", "{98178940-27E4-492A-B564-DFDC6E3F166F}"
EndProject
Project("{FAE04EC0-301F-11D3-BF4B-00C04F79EFBC}") = "EntityMVC", "EntityMVC\EntityMVC.csproj", "{B4089089-CE57-4840-8018-B4B46112ED0A}"
EndProject
Project("{FAE04EC0-301F-11D3-BF4B-00C04F79EFBC}") = "RepositoryMVC", "RepositoryMVC\RepositoryMVC.csproj", "{E07FED48-BD50-45F4-8DB8-91670F205B96}"
EndProject
Project("{2150E333-8FDC-42A3-9474-1A3956D46DE8}") = "_17BangService", "_17BangService", "{C4967DDD-B5BF-4343-9428-B2B2F74A79C0}"
EndProject
Project("{FAE04EC0-301F-11D3-BF4B-00C04F79EFBC}") = "ViewModel", "ViewModel\ViewModel.csproj", "{CD375F4E-2383-4AFA-A4C8-F411C5E1C2AE}"
EndProject
Project("{FAE04EC0-301F-11D3-BF4B-00C04F79EFBC}") = "ProductServices", "ProductServices\ProductServices.csproj", "{941D9549-C6E7-4898-B6C7-61EC45D53AB0}"
EndProject
Project("{FAE04EC0-301F-11D3-BF4B-00C04F79EFBC}") = "WebUI", "WebUI\WebUI.csproj", "{8121EECB-2F13-4773-A460-8B2DC0537B50}"
EndProject
Project("{2150E333-8FDC-42A3-9474-1A3956D46DE8}") = "GLB", "GLB", "{5C7A4ACC-2623-46B2-9985-8E1845030796}"
EndProject
Project("{FAE04EC0-301F-11D3-BF4B-00C04F79EFBC}") = "Global", "Global\Global.csproj", "{F1D095E4-037C-4D8B-9656-729A22AB14AF}"
EndProject
Project("{FAE04EC0-301F-11D3-BF4B-00C04F79EFBC}") = "InterfaceBang", "InterfaceBang\InterfaceBang.csproj", "{55FE29AE-8688-4F06-B980-A5D0E74C64B7}"
EndProject
Global
	GlobalSection(SolutionConfigurationPlatforms) = preSolution
		Debug|Any CPU = Debug|Any CPU
		Release|Any CPU = Release|Any CPU
	EndGlobalSection
	GlobalSection(ProjectConfigurationPlatforms) = postSolution
		{4004D508-AEE4-4FC5-871B-077782D091C9}.Debug|Any CPU.ActiveCfg = Debug|Any CPU
		{4004D508-AEE4-4FC5-871B-077782D091C9}.Debug|Any CPU.Build.0 = Debug|Any CPU
		{4004D508-AEE4-4FC5-871B-077782D091C9}.Release|Any CPU.ActiveCfg = Release|Any CPU
		{4004D508-AEE4-4FC5-871B-077782D091C9}.Release|Any CPU.Build.0 = Release|Any CPU
		{4FD5F1E5-27F2-4EAA-BADC-1AD9A93FE289}.Debug|Any CPU.ActiveCfg = Debug|Any CPU
		{4FD5F1E5-27F2-4EAA-BADC-1AD9A93FE289}.Debug|Any CPU.Build.0 = Debug|Any CPU
		{4FD5F1E5-27F2-4EAA-BADC-1AD9A93FE289}.Release|Any CPU.ActiveCfg = Release|Any CPU
		{4FD5F1E5-27F2-4EAA-BADC-1AD9A93FE289}.Release|Any CPU.Build.0 = Release|Any CPU
		{A69CD2B7-DD70-4F44-878E-3F4800178A08}.Debug|Any CPU.ActiveCfg = Debug|Any CPU
		{A69CD2B7-DD70-4F44-878E-3F4800178A08}.Debug|Any CPU.Build.0 = Debug|Any CPU
		{A69CD2B7-DD70-4F44-878E-3F4800178A08}.Release|Any CPU.ActiveCfg = Release|Any CPU
		{A69CD2B7-DD70-4F44-878E-3F4800178A08}.Release|Any CPU.Build.0 = Release|Any CPU
		{B8C18B50-C35A-4EF2-A3DF-FC5A181DA706}.Debug|Any CPU.ActiveCfg = Debug|Any CPU
		{B8C18B50-C35A-4EF2-A3DF-FC5A181DA706}.Debug|Any CPU.Build.0 = Debug|Any CPU
		{B8C18B50-C35A-4EF2-A3DF-FC5A181DA706}.Release|Any CPU.ActiveCfg = Release|Any CPU
		{B8C18B50-C35A-4EF2-A3DF-FC5A181DA706}.Release|Any CPU.Build.0 = Release|Any CPU
		{90357C29-72B8-4B53-9277-1672562C8B04}.Debug|Any CPU.ActiveCfg = Debug|Any CPU
		{90357C29-72B8-4B53-9277-1672562C8B04}.Debug|Any CPU.Build.0 = Debug|Any CPU
		{90357C29-72B8-4B53-9277-1672562C8B04}.Release|Any CPU.ActiveCfg = Release|Any CPU
		{90357C29-72B8-4B53-9277-1672562C8B04}.Release|Any CPU.Build.0 = Release|Any CPU
		{CEBA0830-F956-49D5-B460-180613784DE4}.Debug|Any CPU.ActiveCfg = Debug|Any CPU
		{CEBA0830-F956-49D5-B460-180613784DE4}.Debug|Any CPU.Build.0 = Debug|Any CPU
		{CEBA0830-F956-49D5-B460-180613784DE4}.Release|Any CPU.ActiveCfg = Release|Any CPU
		{CEBA0830-F956-49D5-B460-180613784DE4}.Release|Any CPU.Build.0 = Release|Any CPU
		{0F7C8B0E-E7DF-4538-A78F-A9BC34FB6338}.Debug|Any CPU.ActiveCfg = Debug|Any CPU
		{0F7C8B0E-E7DF-4538-A78F-A9BC34FB6338}.Debug|Any CPU.Build.0 = Debug|Any CPU
		{0F7C8B0E-E7DF-4538-A78F-A9BC34FB6338}.Release|Any CPU.ActiveCfg = Release|Any CPU
		{0F7C8B0E-E7DF-4538-A78F-A9BC34FB6338}.Release|Any CPU.Build.0 = Release|Any CPU
		{130F9E76-A514-4B82-ABCF-337F3C6A8B3C}.Debug|Any CPU.ActiveCfg = Debug|Any CPU
		{130F9E76-A514-4B82-ABCF-337F3C6A8B3C}.Debug|Any CPU.Build.0 = Debug|Any CPU
		{130F9E76-A514-4B82-ABCF-337F3C6A8B3C}.Release|Any CPU.ActiveCfg = Release|Any CPU
		{130F9E76-A514-4B82-ABCF-337F3C6A8B3C}.Release|Any CPU.Build.0 = Release|Any CPU
		{B4089089-CE57-4840-8018-B4B46112ED0A}.Debug|Any CPU.ActiveCfg = Debug|Any CPU
		{B4089089-CE57-4840-8018-B4B46112ED0A}.Debug|Any CPU.Build.0 = Debug|Any CPU
		{B4089089-CE57-4840-8018-B4B46112ED0A}.Release|Any CPU.ActiveCfg = Release|Any CPU
		{B4089089-CE57-4840-8018-B4B46112ED0A}.Release|Any CPU.Build.0 = Release|Any CPU
		{E07FED48-BD50-45F4-8DB8-91670F205B96}.Debug|Any CPU.ActiveCfg = Debug|Any CPU
		{E07FED48-BD50-45F4-8DB8-91670F205B96}.Debug|Any CPU.Build.0 = Debug|Any CPU
		{E07FED48-BD50-45F4-8DB8-91670F205B96}.Release|Any CPU.ActiveCfg = Release|Any CPU
		{E07FED48-BD50-45F4-8DB8-91670F205B96}.Release|Any CPU.Build.0 = Release|Any CPU
		{CD375F4E-2383-4AFA-A4C8-F411C5E1C2AE}.Debug|Any CPU.ActiveCfg = Debug|Any CPU
		{CD375F4E-2383-4AFA-A4C8-F411C5E1C2AE}.Debug|Any CPU.Build.0 = Debug|Any CPU
		{CD375F4E-2383-4AFA-A4C8-F411C5E1C2AE}.Release|Any CPU.ActiveCfg = Release|Any CPU
		{CD375F4E-2383-4AFA-A4C8-F411C5E1C2AE}.Release|Any CPU.Build.0 = Release|Any CPU
		{941D9549-C6E7-4898-B6C7-61EC45D53AB0}.Debug|Any CPU.ActiveCfg = Debug|Any CPU
		{941D9549-C6E7-4898-B6C7-61EC45D53AB0}.Debug|Any CPU.Build.0 = Debug|Any CPU
		{941D9549-C6E7-4898-B6C7-61EC45D53AB0}.Release|Any CPU.ActiveCfg = Release|Any CPU
		{941D9549-C6E7-4898-B6C7-61EC45D53AB0}.Release|Any CPU.Build.0 = Release|Any CPU
		{8121EECB-2F13-4773-A460-8B2DC0537B50}.Debug|Any CPU.ActiveCfg = Debug|Any CPU
		{8121EECB-2F13-4773-A460-8B2DC0537B50}.Debug|Any CPU.Build.0 = Debug|Any CPU
		{8121EECB-2F13-4773-A460-8B2DC0537B50}.Release|Any CPU.ActiveCfg = Release|Any CPU
		{8121EECB-2F13-4773-A460-8B2DC0537B50}.Release|Any CPU.Build.0 = Release|Any CPU
		{F1D095E4-037C-4D8B-9656-729A22AB14AF}.Debug|Any CPU.ActiveCfg = Debug|Any CPU
		{F1D095E4-037C-4D8B-9656-729A22AB14AF}.Debug|Any CPU.Build.0 = Debug|Any CPU
		{F1D095E4-037C-4D8B-9656-729A22AB14AF}.Release|Any CPU.ActiveCfg = Release|Any CPU
		{F1D095E4-037C-4D8B-9656-729A22AB14AF}.Release|Any CPU.Build.0 = Release|Any CPU
		{55FE29AE-8688-4F06-B980-A5D0E74C64B7}.Debug|Any CPU.ActiveCfg = Debug|Any CPU
		{55FE29AE-8688-4F06-B980-A5D0E74C64B7}.Debug|Any CPU.Build.0 = Debug|Any CPU
		{55FE29AE-8688-4F06-B980-A5D0E74C64B7}.Release|Any CPU.ActiveCfg = Release|Any CPU
		{55FE29AE-8688-4F06-B980-A5D0E74C64B7}.Release|Any CPU.Build.0 = Release|Any CPU
	EndGlobalSection
	GlobalSection(SolutionProperties) = preSolution
		HideSolutionNode = FALSE
	EndGlobalSection
	GlobalSection(NestedProjects) = preSolution
		{4004D508-AEE4-4FC5-871B-077782D091C9} = {74AEFB30-A117-4827-9E15-BD8C45C4FA29}
		{4FD5F1E5-27F2-4EAA-BADC-1AD9A93FE289} = {74AEFB30-A117-4827-9E15-BD8C45C4FA29}
		{A69CD2B7-DD70-4F44-878E-3F4800178A08} = {74AEFB30-A117-4827-9E15-BD8C45C4FA29}
		{B8C18B50-C35A-4EF2-A3DF-FC5A181DA706} = {74AEFB30-A117-4827-9E15-BD8C45C4FA29}
		{90357C29-72B8-4B53-9277-1672562C8B04} = {74AEFB30-A117-4827-9E15-BD8C45C4FA29}
		{CEBA0830-F956-49D5-B460-180613784DE4} = {74AEFB30-A117-4827-9E15-BD8C45C4FA29}
		{0F7C8B0E-E7DF-4538-A78F-A9BC34FB6338} = {74AEFB30-A117-4827-9E15-BD8C45C4FA29}
		{130F9E76-A514-4B82-ABCF-337F3C6A8B3C} = {74AEFB30-A117-4827-9E15-BD8C45C4FA29}
		{B4089089-CE57-4840-8018-B4B46112ED0A} = {98178940-27E4-492A-B564-DFDC6E3F166F}
		{E07FED48-BD50-45F4-8DB8-91670F205B96} = {98178940-27E4-492A-B564-DFDC6E3F166F}
		{CD375F4E-2383-4AFA-A4C8-F411C5E1C2AE} = {C4967DDD-B5BF-4343-9428-B2B2F74A79C0}
		{941D9549-C6E7-4898-B6C7-61EC45D53AB0} = {C4967DDD-B5BF-4343-9428-B2B2F74A79C0}
		{8121EECB-2F13-4773-A460-8B2DC0537B50} = {74E46335-089B-4F73-A3C5-0E1149F93F75}
		{F1D095E4-037C-4D8B-9656-729A22AB14AF} = {5C7A4ACC-2623-46B2-9985-8E1845030796}
		{55FE29AE-8688-4F06-B980-A5D0E74C64B7} = {C4967DDD-B5BF-4343-9428-B2B2F74A79C0}
	EndGlobalSection
	GlobalSection(ExtensibilityGlobals) = postSolution
		SolutionGuid = {3DB3430D-103E-44D2-A598-2716DFBC33DE}
	EndGlobalSection
EndGlobal
