
Microsoft Visual Studio Solution File, Format Version 12.00
# Visual Studio Version 16
VisualStudioVersion = 16.0.29806.167
MinimumVisualStudioVersion = 10.0.40219.1
Project("{9A19103F-16F7-4668-BE54-9A1E7A4F7556}") = "17bang", "luckstack3\17bang.csproj", "{4004D508-AEE4-4FC5-871B-077782D091C9}"
EndProject
Project("{9A19103F-16F7-4668-BE54-9A1E7A4F7556}") = "SevenLearnCsharp", "SevenLearnCsharp\SevenLearnCsharp.csproj", "{4FD5F1E5-27F2-4EAA-BADC-1AD9A93FE289}"
EndProject
Global
	GlobalSection(SolutionConfigurationPlatforms) = preSolution
		Debug|Any CPU = Debug|Any CPU
		Release|Any CPU = Release|Any CPU
	EndGlobalSection
	GlobalSection(ProjectConfigurationPlatforms) = postSolution
		{4004D508-AEE4-4FC5-871B-077782D091C9}.Debug|Any CPU.ActiveCfg = Debug|Any CPU
		{4004D508-AEE4-4FC5-871B-077782D091C9}.Debug|Any CPU.Build.0 = Debug|Any CPU
		{4004D508-AEE4-4FC5-871B-077782D091C9}.Release|Any CPU.ActiveCfg = Release|Any CPU
		{4004D508-AEE4-4FC5-871B-077782D091C9}.Release|Any CPU.Build.0 = Release|Any CPU
		{4FD5F1E5-27F2-4EAA-BADC-1AD9A93FE289}.Debug|Any CPU.ActiveCfg = Debug|Any CPU
		{4FD5F1E5-27F2-4EAA-BADC-1AD9A93FE289}.Debug|Any CPU.Build.0 = Debug|Any CPU
		{4FD5F1E5-27F2-4EAA-BADC-1AD9A93FE289}.Release|Any CPU.ActiveCfg = Release|Any CPU
		{4FD5F1E5-27F2-4EAA-BADC-1AD9A93FE289}.Release|Any CPU.Build.0 = Release|Any CPU
	EndGlobalSection
	GlobalSection(SolutionProperties) = preSolution
		HideSolutionNode = FALSE
	EndGlobalSection
	GlobalSection(ExtensibilityGlobals) = postSolution
		SolutionGuid = {3DB3430D-103E-44D2-A598-2716DFBC33DE}
	EndGlobalSection
EndGlobal
