
Microsoft Visual Studio Solution File, Format Version 12.00
# Visual Studio Version 16
VisualStudioVersion = 16.0.29806.167
MinimumVisualStudioVersion = 10.0.40219.1
Project("{9A19103F-16F7-4668-BE54-9A1E7A4F7556}") = "_17bang", "luckstack3\_17bang.csproj", "{4004D508-AEE4-4FC5-871B-077782D091C9}"
EndProject
Project("{9A19103F-16F7-4668-BE54-9A1E7A4F7556}") = "HomeWork", "SevenLearnCsharp\HomeWork.csproj", "{4FD5F1E5-27F2-4EAA-BADC-1AD9A93FE289}"
EndProject
Project("{9A19103F-16F7-4668-BE54-9A1E7A4F7556}") = "Entity", "Entity\Entity.csproj", "{A69CD2B7-DD70-4F44-878E-3F4800178A08}"
EndProject
Project("{9A19103F-16F7-4668-BE54-9A1E7A4F7556}") = "EntityTest", "EntityTest\EntityTest.csproj", "{B8C18B50-C35A-4EF2-A3DF-FC5A181DA706}"
EndProject
Project("{9A19103F-16F7-4668-BE54-9A1E7A4F7556}") = "ZeroOfStart", "ZeroOfStart\ZeroOfStart.csproj", "{90357C29-72B8-4B53-9277-1672562C8B04}"
EndProject
Project("{FAE04EC0-301F-11D3-BF4B-00C04F79EFBC}") = "Captcha", "Captcha\Captcha.csproj", "{CEBA0830-F956-49D5-B460-180613784DE4}"
EndProject
Project("{FAE04EC0-301F-11D3-BF4B-00C04F79EFBC}") = "HomeWork_Of_EFCore", "HomeWork_Of_EFCore\HomeWork_Of_EFCore.csproj", "{0F7C8B0E-E7DF-4538-A78F-A9BC34FB6338}"
EndProject
Global
	GlobalSection(SolutionConfigurationPlatforms) = preSolution
		Debug|Any CPU = Debug|Any CPU
		Release|Any CPU = Release|Any CPU
	EndGlobalSection
	GlobalSection(ProjectConfigurationPlatforms) = postSolution
		{4004D508-AEE4-4FC5-871B-077782D091C9}.Debug|Any CPU.ActiveCfg = Debug|Any CPU
		{4004D508-AEE4-4FC5-871B-077782D091C9}.Debug|Any CPU.Build.0 = Debug|Any CPU
		{4004D508-AEE4-4FC5-871B-077782D091C9}.Release|Any CPU.ActiveCfg = Release|Any CPU
		{4004D508-AEE4-4FC5-871B-077782D091C9}.Release|Any CPU.Build.0 = Release|Any CPU
		{4FD5F1E5-27F2-4EAA-BADC-1AD9A93FE289}.Debug|Any CPU.ActiveCfg = Debug|Any CPU
		{4FD5F1E5-27F2-4EAA-BADC-1AD9A93FE289}.Debug|Any CPU.Build.0 = Debug|Any CPU
		{4FD5F1E5-27F2-4EAA-BADC-1AD9A93FE289}.Release|Any CPU.ActiveCfg = Release|Any CPU
		{4FD5F1E5-27F2-4EAA-BADC-1AD9A93FE289}.Release|Any CPU.Build.0 = Release|Any CPU
		{A69CD2B7-DD70-4F44-878E-3F4800178A08}.Debug|Any CPU.ActiveCfg = Debug|Any CPU
		{A69CD2B7-DD70-4F44-878E-3F4800178A08}.Debug|Any CPU.Build.0 = Debug|Any CPU
		{A69CD2B7-DD70-4F44-878E-3F4800178A08}.Release|Any CPU.ActiveCfg = Release|Any CPU
		{A69CD2B7-DD70-4F44-878E-3F4800178A08}.Release|Any CPU.Build.0 = Release|Any CPU
		{B8C18B50-C35A-4EF2-A3DF-FC5A181DA706}.Debug|Any CPU.ActiveCfg = Debug|Any CPU
		{B8C18B50-C35A-4EF2-A3DF-FC5A181DA706}.Debug|Any CPU.Build.0 = Debug|Any CPU
		{B8C18B50-C35A-4EF2-A3DF-FC5A181DA706}.Release|Any CPU.ActiveCfg = Release|Any CPU
		{B8C18B50-C35A-4EF2-A3DF-FC5A181DA706}.Release|Any CPU.Build.0 = Release|Any CPU
		{90357C29-72B8-4B53-9277-1672562C8B04}.Debug|Any CPU.ActiveCfg = Debug|Any CPU
		{90357C29-72B8-4B53-9277-1672562C8B04}.Debug|Any CPU.Build.0 = Debug|Any CPU
		{90357C29-72B8-4B53-9277-1672562C8B04}.Release|Any CPU.ActiveCfg = Release|Any CPU
		{90357C29-72B8-4B53-9277-1672562C8B04}.Release|Any CPU.Build.0 = Release|Any CPU
		{CEBA0830-F956-49D5-B460-180613784DE4}.Debug|Any CPU.ActiveCfg = Debug|Any CPU
		{CEBA0830-F956-49D5-B460-180613784DE4}.Debug|Any CPU.Build.0 = Debug|Any CPU
		{CEBA0830-F956-49D5-B460-180613784DE4}.Release|Any CPU.ActiveCfg = Release|Any CPU
		{CEBA0830-F956-49D5-B460-180613784DE4}.Release|Any CPU.Build.0 = Release|Any CPU
		{0F7C8B0E-E7DF-4538-A78F-A9BC34FB6338}.Debug|Any CPU.ActiveCfg = Debug|Any CPU
		{0F7C8B0E-E7DF-4538-A78F-A9BC34FB6338}.Debug|Any CPU.Build.0 = Debug|Any CPU
		{0F7C8B0E-E7DF-4538-A78F-A9BC34FB6338}.Release|Any CPU.ActiveCfg = Release|Any CPU
		{0F7C8B0E-E7DF-4538-A78F-A9BC34FB6338}.Release|Any CPU.Build.0 = Release|Any CPU
	EndGlobalSection
	GlobalSection(SolutionProperties) = preSolution
		HideSolutionNode = FALSE
	EndGlobalSection
	GlobalSection(ExtensibilityGlobals) = postSolution
		SolutionGuid = {3DB3430D-103E-44D2-A598-2716DFBC33DE}
	EndGlobalSection
EndGlobal
